FORGE
  remote: http://forge.puppetlabs.com
  specs:
    puppetlabs/apt (1.3.0)
      puppetlabs/stdlib (>= 2.2.1)
    puppetlabs/stdlib (4.1.0)

GIT
  remote: git://github.com/jenkinsci/puppet-jenkins.git
  ref: master
  sha: 7070b69f88f9e1b12104d0c0ea98f6338630c0b9
  specs:
    jenkins (0.2.4)
      puppetlabs/apt (>= 0.0.3)
      puppetlabs/stdlib (>= 2.0.0)

GIT
  remote: git://github.com/puppetlabs/puppetlabs-apt.git
  ref: master
  sha: 3e3de6ee924ea75463e9df4ffdb5712c0e145403
  specs:
    apt (1.3.0)
      puppetlabs/stdlib (>= 2.2.1)

GIT
  remote: git://github.com/puppetlabs/puppetlabs-stdlib.git
  ref: master
  sha: d60d872c1ab676298824dad863237fa390e1ddd6
  specs:
    stdlib (4.1.0)

GIT
  remote: https://github.com/ngiger/puppet-single_user_rvm.git
  ref: master
  sha: 22c1b6b1544dad860d0d72b4a455427838d7252e
  specs:
    single_user_rvm (0.1.0)

PATH
  remote: ./static-modules/srv_elexis
  specs:
    srv_elexis (0.0.1)

DEPENDENCIES
  apt (>= 0)
  jenkins (>= 0)
  single_user_rvm (>= 0)
  srv_elexis (>= 0)
  stdlib (>= 0)

